lockVersion: 2.0.0
id: 7962bb2c-acb6-454d-b1d2-9eba844f958a
management:
  docChecksum: 5d7add4f03428b0dd04a1f9b4712143b
  docVersion: 10.27.2023
  speakeasyVersion: internal
  generationVersion: 2.230.3
  releaseVersion: 0.3.0
  configChecksum: 803061aa879e8c5bebccae9827d904b3
  repoURL: https://github.com/speakeasy-sdks/tedst-sample-sdk.git
  repoSubDirectory: .
  installationURL: https://github.com/speakeasy-sdks/tedst-sample-sdk.git
  published: true
features:
  python:
    constsAndDefaults: 0.1.2
    core: 4.4.1
    globalSecurity: 2.83.1
    globalServerURLs: 2.82.1
    methodSecurity: 2.82.0
    unions: 2.82.5
generatedFiles:
  - src/nium_platform/sdkconfiguration.py
  - src/nium_platform/conversions.py
  - src/nium_platform/quotes_previous_version_.py
  - src/nium_platform/conversions_previous_version_.py
  - src/nium_platform/quotes.py
  - src/nium_platform/rates.py
  - src/nium_platform/sdk.py
  - pylintrc
  - setup.py
  - src/nium_platform/__init__.py
  - src/nium_platform/utils/__init__.py
  - src/nium_platform/utils/retries.py
  - src/nium_platform/utils/utils.py
  - src/nium_platform/models/errors/sdkerror.py
  - tests/helpers.py
  - src/nium_platform/models/operations/cancelconversion.py
  - src/nium_platform/models/operations/createconversion.py
  - src/nium_platform/models/operations/fetchconversion.py
  - src/nium_platform/models/operations/exchangeratelockandhold.py
  - src/nium_platform/models/operations/exchangeratewithmarkup.py
  - src/nium_platform/models/operations/balancetransferwithinwallet.py
  - src/nium_platform/models/operations/createquote.py
  - src/nium_platform/models/operations/fetchquote.py
  - src/nium_platform/models/operations/exchangeratev2.py
  - src/nium_platform/models/operations/aggregatedexchangerates.py
  - src/nium_platform/models/shared/conversioncancelresponse.py
  - src/nium_platform/models/shared/conversionstatus.py
  - src/nium_platform/models/shared/cancellationreason.py
  - src/nium_platform/models/shared/historicalrateerrordetail400.py
  - src/nium_platform/models/shared/historicalrateerrorcodes400.py
  - src/nium_platform/models/shared/errordetail401.py
  - src/nium_platform/models/shared/errorcodes401.py
  - src/nium_platform/models/shared/errordetail403.py
  - src/nium_platform/models/shared/errorcodes403.py
  - src/nium_platform/models/shared/errordetail404.py
  - src/nium_platform/models/shared/errorcodes404.py
  - src/nium_platform/models/shared/errordetail500.py
  - src/nium_platform/models/shared/errorcodes500.py
  - src/nium_platform/models/shared/conversioncancelrequest.py
  - src/nium_platform/models/shared/conversioncreationresponse.py
  - src/nium_platform/models/shared/conversioncreationrequest.py
  - src/nium_platform/models/shared/fxholdlockresponsecontent.py
  - src/nium_platform/models/shared/exchangeratev2responsedto.py
  - src/nium_platform/models/shared/wallettransferresponsedto.py
  - src/nium_platform/models/shared/wallettransferdto.py
  - src/nium_platform/models/shared/quotecreationresponse.py
  - src/nium_platform/models/shared/quotetype.py
  - src/nium_platform/models/shared/lockperiod.py
  - src/nium_platform/models/shared/conversionschedule.py
  - src/nium_platform/models/shared/quotecreationrequest.py
  - src/nium_platform/models/shared/exchangeratesgetresponse.py
  - src/nium_platform/models/shared/window.py
  - src/nium_platform/models/shared/exchangerategetresponse.py
  - src/nium_platform/models/shared/security.py
  - src/nium_platform/models/errors/errorresponse400.py
  - src/nium_platform/models/errors/errorresponse401.py
  - src/nium_platform/models/errors/errorresponse403.py
  - src/nium_platform/models/errors/errorresponse404.py
  - src/nium_platform/models/errors/errorresponse500.py
  - src/nium_platform/models/errors/walletapierror.py
  - src/nium_platform/models/__init__.py
  - src/nium_platform/models/errors/__init__.py
  - src/nium_platform/models/operations/__init__.py
  - src/nium_platform/models/shared/__init__.py
  - docs/models/operations/cancelconversionsecurity.md
  - docs/models/operations/cancelconversionrequest.md
  - docs/models/operations/cancelconversionresponse.md
  - docs/models/operations/createconversionsecurity.md
  - docs/models/operations/createconversionrequest.md
  - docs/models/operations/createconversionresponse.md
  - docs/models/operations/fetchconversionsecurity.md
  - docs/models/operations/fetchconversionrequest.md
  - docs/models/operations/fetchconversionresponse.md
  - docs/models/operations/exchangeratelockandholdsecurity.md
  - docs/models/operations/exchangeratelockandholdrequest.md
  - docs/models/operations/exchangeratelockandholdresponse.md
  - docs/models/operations/exchangeratewithmarkupsecurity.md
  - docs/models/operations/exchangeratewithmarkuprequest.md
  - docs/models/operations/exchangeratewithmarkupresponse.md
  - docs/models/operations/balancetransferwithinwalletsecurity.md
  - docs/models/operations/balancetransferwithinwalletrequest.md
  - docs/models/operations/balancetransferwithinwalletresponse.md
  - docs/models/operations/createquotesecurity.md
  - docs/models/operations/createquoterequest.md
  - docs/models/operations/createquoteresponse.md
  - docs/models/operations/fetchquotesecurity.md
  - docs/models/operations/fetchquoterequest.md
  - docs/models/operations/fetchquoteresponse.md
  - docs/models/operations/exchangeratev2security.md
  - docs/models/operations/exchangeratev2request.md
  - docs/models/operations/exchangeratev2response.md
  - docs/models/operations/aggregatedexchangeratessecurity.md
  - docs/models/operations/aggregatedexchangeratesrequest.md
  - docs/models/operations/aggregatedexchangeratesresponse.md
  - docs/models/shared/conversioncancelresponse.md
  - docs/models/shared/conversionstatus.md
  - docs/models/shared/cancellationreason.md
  - docs/models/shared/historicalrateerrordetail400.md
  - docs/models/shared/historicalrateerrorcodes400.md
  - docs/models/shared/errordetail401.md
  - docs/models/shared/errorcodes401.md
  - docs/models/shared/errordetail403.md
  - docs/models/shared/errorcodes403.md
  - docs/models/shared/errordetail404.md
  - docs/models/shared/errorcodes404.md
  - docs/models/shared/errordetail500.md
  - docs/models/shared/errorcodes500.md
  - docs/models/shared/conversioncancelrequest.md
  - docs/models/shared/conversioncreationresponse.md
  - docs/models/shared/conversioncreationrequestwithdestinationamount.md
  - docs/models/shared/conversioncreationrequestwithsourceamount.md
  - docs/models/shared/withcurrencypair.md
  - docs/models/shared/conversioncreationrequestschemaswithdestinationamount.md
  - docs/models/shared/conversioncreationrequestschemaswithsourceamount.md
  - docs/models/shared/withquoteid.md
  - docs/models/shared/conversioncreationrequest.md
  - docs/models/shared/fxholdlockresponsecontent.md
  - docs/models/shared/exchangeratev2responsedto.md
  - docs/models/shared/wallettransferresponsedto.md
  - docs/models/shared/wallettransferdto.md
  - docs/models/shared/quotecreationresponse.md
  - docs/models/shared/quotetype.md
  - docs/models/shared/lockperiod.md
  - docs/models/shared/conversionschedule.md
  - docs/models/shared/withdestinationamount.md
  - docs/models/shared/withsourceamount.md
  - docs/models/shared/withnoamount.md
  - docs/models/shared/quotecreationrequest.md
  - docs/models/shared/exchangeratesgetresponse.md
  - docs/models/shared/window.md
  - docs/models/shared/exchangerategetresponse.md
  - docs/models/shared/security.md
  - docs/models/errors/errorresponse400.md
  - docs/models/errors/errorresponse401.md
  - docs/models/errors/errorresponse403.md
  - docs/models/errors/errorresponse404.md
  - docs/models/errors/errorresponse500.md
  - docs/models/errors/status.md
  - docs/models/errors/walletapierror.md
  - docs/sdks/niumplatform/README.md
  - docs/sdks/conversions/README.md
  - docs/sdks/quotespreviousversion/README.md
  - docs/sdks/conversionspreviousversion/README.md
  - docs/sdks/quotes/README.md
  - docs/sdks/rates/README.md
  - USAGE.md
  - .gitattributes
